
Microsoft Visual Studio Solution File, Format Version 12.00
# Visual Studio 15
VisualStudioVersion = 15.0.26730.16
MinimumVisualStudioVersion = 10.0.40219.1
Project("{FAE04EC0-301F-11D3-BF4B-00C04F79EFBC}") = "FormularioWeb", "FormularioWeb\FormularioWeb.csproj", "{2BE4627C-6E4E-4F1D-BB06-68E8C742CA21}"
EndProject
Project("{FAE04EC0-301F-11D3-BF4B-00C04F79EFBC}") = "ProjModel", "ProjModel\ProjModel.csproj", "{E8D5D9E3-7959-4BE4-B321-FFCDEE9EED5E}"
EndProject
Project("{FAE04EC0-301F-11D3-BF4B-00C04F79EFBC}") = "ProjController", "ProjController\ProjController.csproj", "{A39D5440-4446-47BE-B502-A17CA66DE53A}"
EndProject
Global
	GlobalSection(SolutionConfigurationPlatforms) = preSolution
		Debug|Any CPU = Debug|Any CPU
		Release|Any CPU = Release|Any CPU
	EndGlobalSection
	GlobalSection(ProjectConfigurationPlatforms) = postSolution
		{2BE4627C-6E4E-4F1D-BB06-68E8C742CA21}.Debug|Any CPU.ActiveCfg = Debug|Any CPU
		{2BE4627C-6E4E-4F1D-BB06-68E8C742CA21}.Debug|Any CPU.Build.0 = Debug|Any CPU
		{2BE4627C-6E4E-4F1D-BB06-68E8C742CA21}.Release|Any CPU.ActiveCfg = Release|Any CPU
		{2BE4627C-6E4E-4F1D-BB06-68E8C742CA21}.Release|Any CPU.Build.0 = Release|Any CPU
		{E8D5D9E3-7959-4BE4-B321-FFCDEE9EED5E}.Debug|Any CPU.ActiveCfg = Debug|Any CPU
		{E8D5D9E3-7959-4BE4-B321-FFCDEE9EED5E}.Debug|Any CPU.Build.0 = Debug|Any CPU
		{E8D5D9E3-7959-4BE4-B321-FFCDEE9EED5E}.Release|Any CPU.ActiveCfg = Release|Any CPU
		{E8D5D9E3-7959-4BE4-B321-FFCDEE9EED5E}.Release|Any CPU.Build.0 = Release|Any CPU
		{A39D5440-4446-47BE-B502-A17CA66DE53A}.Debug|Any CPU.ActiveCfg = Debug|Any CPU
		{A39D5440-4446-47BE-B502-A17CA66DE53A}.Debug|Any CPU.Build.0 = Debug|Any CPU
		{A39D5440-4446-47BE-B502-A17CA66DE53A}.Release|Any CPU.ActiveCfg = Release|Any CPU
		{A39D5440-4446-47BE-B502-A17CA66DE53A}.Release|Any CPU.Build.0 = Release|Any CPU
	EndGlobalSection
	GlobalSection(SolutionProperties) = preSolution
		HideSolutionNode = FALSE
	EndGlobalSection
	GlobalSection(ExtensibilityGlobals) = postSolution
		SolutionGuid = {CF865F3F-00F9-4573-AC88-22E4E357BC80}
	EndGlobalSection
EndGlobal
